// !$*UTF8*$!
{
	archiveVersion = 1;
	classes = {
	};
	objectVersion = 50;
	objects = {

/* Begin PBXBuildFile section */
		842D33D823826DD100CC8AE9 /* AppDelegate.swift in Sources */ = {isa = PBXBuildFile; fileRef = 842D33D723826DD100CC8AE9 /* AppDelegate.swift */; };
		842D33DA23826DD100CC8AE9 /* ViewController.swift in Sources */ = {isa = PBXBuildFile; fileRef = 842D33D923826DD100CC8AE9 /* ViewController.swift */; };
		842D33DD23826DD100CC8AE9 /* Main.storyboard in Resources */ = {isa = PBXBuildFile; fileRef = 842D33DB23826DD100CC8AE9 /* Main.storyboard */; };
		842D33DF23826DD200CC8AE9 /* Assets.xcassets in Resources */ = {isa = PBXBuildFile; fileRef = 842D33DE23826DD200CC8AE9 /* Assets.xcassets */; };
		842D33E223826DD200CC8AE9 /* LaunchScreen.storyboard in Resources */ = {isa = PBXBuildFile; fileRef = 842D33E023826DD200CC8AE9 /* LaunchScreen.storyboard */; };
		842D33ED2382740100CC8AE9 /* DeliveryCell.swift in Sources */ = {isa = PBXBuildFile; fileRef = 842D33EC2382740100CC8AE9 /* DeliveryCell.swift */; };
		847C83882382AAC100236078 /* MyDeliveriesViewModel.swift in Sources */ = {isa = PBXBuildFile; fileRef = 847C83872382AAC100236078 /* MyDeliveriesViewModel.swift */; };
		847C838E2382ACB000236078 /* EndPoints.swift in Sources */ = {isa = PBXBuildFile; fileRef = 847C838D2382ACB000236078 /* EndPoints.swift */; };
		847C83932382B2FD00236078 /* AppConstant.swift in Sources */ = {isa = PBXBuildFile; fileRef = 847C83922382B2FD00236078 /* AppConstant.swift */; };
		849CC51D2383E3290027A09A /* Utilities.swift in Sources */ = {isa = PBXBuildFile; fileRef = 849CC51C2383E3290027A09A /* Utilities.swift */; };
/* End PBXBuildFile section */

/* Begin PBXFileReference section */
		63339C6A6FA4C4B529A564EE /* Pods_Lalamove.framework */ = {isa = PBXFileReference; explicitFileType = wrapper.framework; includeInIndex = 0; path = Pods_Lalamove.framework; sourceTree = BUILT_PRODUCTS_DIR; };
		842D33D423826DD100CC8AE9 /* Lalamove.app */ = {isa = PBXFileReference; explicitFileType = wrapper.application; includeInIndex = 0; path = Lalamove.app; sourceTree = BUILT_PRODUCTS_DIR; };
		842D33D723826DD100CC8AE9 /* AppDelegate.swift */ = {isa = PBXFileReference; lastKnownFileType = sourcecode.swift; path = AppDelegate.swift; sourceTree = "<group>"; };
		842D33D923826DD100CC8AE9 /* ViewController.swift */ = {isa = PBXFileReference; lastKnownFileType = sourcecode.swift; path = ViewController.swift; sourceTree = "<group>"; };
		842D33DC23826DD100CC8AE9 /* Base */ = {isa = PBXFileReference; lastKnownFileType = file.storyboard; name = Base; path = Base.lproj/Main.storyboard; sourceTree = "<group>"; };
		842D33DE23826DD200CC8AE9 /* Assets.xcassets */ = {isa = PBXFileReference; lastKnownFileType = folder.assetcatalog; path = Assets.xcassets; sourceTree = "<group>"; };
		842D33E123826DD200CC8AE9 /* Base */ = {isa = PBXFileReference; lastKnownFileType = file.storyboard; name = Base; path = Base.lproj/LaunchScreen.storyboard; sourceTree = "<group>"; };
		842D33E323826DD200CC8AE9 /* Info.plist */ = {isa = PBXFileReference; lastKnownFileType = text.plist.xml; path = Info.plist; sourceTree = "<group>"; };
		842D33EC2382740100CC8AE9 /* DeliveryCell.swift */ = {isa = PBXFileReference; lastKnownFileType = sourcecode.swift; path = DeliveryCell.swift; sourceTree = "<group>"; };
		847C83872382AAC100236078 /* MyDeliveriesViewModel.swift */ = {isa = PBXFileReference; lastKnownFileType = sourcecode.swift; path = MyDeliveriesViewModel.swift; sourceTree = "<group>"; };
		847C838D2382ACB000236078 /* EndPoints.swift */ = {isa = PBXFileReference; lastKnownFileType = sourcecode.swift; path = EndPoints.swift; sourceTree = "<group>"; };
		847C83922382B2FD00236078 /* AppConstant.swift */ = {isa = PBXFileReference; lastKnownFileType = sourcecode.swift; path = AppConstant.swift; sourceTree = "<group>"; };
		849CC51C2383E3290027A09A /* Utilities.swift */ = {isa = PBXFileReference; lastKnownFileType = sourcecode.swift; path = Utilities.swift; sourceTree = "<group>"; };
		89C335C4AFA861B4A04DF710 /* Pods-Lalamove.debug.xcconfig */ = {isa = PBXFileReference; includeInIndex = 1; lastKnownFileType = text.xcconfig; name = "Pods-Lalamove.debug.xcconfig"; path = "Target Support Files/Pods-Lalamove/Pods-Lalamove.debug.xcconfig"; sourceTree = "<group>"; };
		F41BFFA893AC7BC713EB71D1 /* Pods-Lalamove.release.xcconfig */ = {isa = PBXFileReference; includeInIndex = 1; lastKnownFileType = text.xcconfig; name = "Pods-Lalamove.release.xcconfig"; path = "Target Support Files/Pods-Lalamove/Pods-Lalamove.release.xcconfig"; sourceTree = "<group>"; };
/* End PBXFileReference section */

/* Begin PBXFrameworksBuildPhase section */
		842D33D123826DD100CC8AE9 /* Frameworks */ = {
			isa = PBXFrameworksBuildPhase;
			buildActionMask = 2147483647;
			files = (
				909842258D8660133532B208 /* Pods_Lalamove.framework in Frameworks */,
			);
			runOnlyForDeploymentPostprocessing = 0;
		};
/* End PBXFrameworksBuildPhase section */

/* Begin PBXGroup section */
		40EA1F58ED797BAA0A65EFD7 /* Pods */ = {
			isa = PBXGroup;
			children = (
				89C335C4AFA861B4A04DF710 /* Pods-Lalamove.debug.xcconfig */,
				F41BFFA893AC7BC713EB71D1 /* Pods-Lalamove.release.xcconfig */,
			);
			path = Pods;
			sourceTree = "<group>";
		};
		842D33CB23826DD100CC8AE9 = {
			isa = PBXGroup;
			children = (
				842D33D623826DD100CC8AE9 /* Lalamove */,
				842D33D523826DD100CC8AE9 /* Products */,
				40EA1F58ED797BAA0A65EFD7 /* Pods */,
				86077EF1F6510797964FFA18 /* Frameworks */,
			);
			sourceTree = "<group>";
		};
		842D33D523826DD100CC8AE9 /* Products */ = {
			isa = PBXGroup;
			children = (
				842D33D423826DD100CC8AE9 /* Lalamove.app */,
			);
			name = Products;
			sourceTree = "<group>";
		};
		842D33D623826DD100CC8AE9 /* Lalamove */ = {
			isa = PBXGroup;
			children = (
				847C83912382B2EB00236078 /* Common */,
				847C838C2382AC9600236078 /* Services */,
				847C83862382AA9C00236078 /* ViewModel */,
				842D33EE23827E5C00CC8AE9 /* Data */,
				842D33E92382738E00CC8AE9 /* Cells */,
				842D33D723826DD100CC8AE9 /* AppDelegate.swift */,
				842D33D923826DD100CC8AE9 /* ViewController.swift */,
				842D33DB23826DD100CC8AE9 /* Main.storyboard */,
				842D33DE23826DD200CC8AE9 /* Assets.xcassets */,
				842D33E023826DD200CC8AE9 /* LaunchScreen.storyboard */,
				842D33E323826DD200CC8AE9 /* Info.plist */,
			);
			path = Lalamove;
			sourceTree = "<group>";
		};
		842D33E92382738E00CC8AE9 /* Cells */ = {
			isa = PBXGroup;
			children = (
				842D33EC2382740100CC8AE9 /* DeliveryCell.swift */,
			);
			path = Cells;
			sourceTree = "<group>";
		};
		842D33EE23827E5C00CC8AE9 /* Data */ = {
			isa = PBXGroup;
			children = (
				842D33EF23827EC900CC8AE9 /* Model */,
			);
			path = Data;
			sourceTree = "<group>";
		};
		847C83862382AA9C00236078 /* ViewModel */ = {
			isa = PBXGroup;
			children = (
				847C83872382AAC100236078 /* MyDeliveriesViewModel.swift */,
			);
			path = ViewModel;
			sourceTree = "<group>";
		};
		847C838C2382AC9600236078 /* Services */ = {
			isa = PBXGroup;
			children = (
				847C838D2382ACB000236078 /* EndPoints.swift */,
				847C838F2382ADC900236078 /* NetworkManager.swift */,
				849CC51C2383E3290027A09A /* Utilities.swift */,
			);
			path = Services;
			sourceTree = "<group>";
		};
		847C83912382B2EB00236078 /* Common */ = {
			isa = PBXGroup;
			children = (
				847C83922382B2FD00236078 /* AppConstant.swift */,
			);
			path = Common;
			sourceTree = "<group>";
		};
		86077EF1F6510797964FFA18 /* Frameworks */ = {
			isa = PBXGroup;
			children = (
				63339C6A6FA4C4B529A564EE /* Pods_Lalamove.framework */,
			);
			name = Frameworks;
			sourceTree = "<group>";
		};
/* End PBXGroup section */

/* Begin PBXNativeTarget section */
		842D33D323826DD100CC8AE9 /* Lalamove */ = {
			isa = PBXNativeTarget;
			buildConfigurationList = 842D33E623826DD200CC8AE9 /* Build configuration list for PBXNativeTarget "Lalamove" */;
			buildPhases = (
				0EEE4C8678C4ED0FD2018D17 /* [CP] Check Pods Manifest.lock */,
				842D33D023826DD100CC8AE9 /* Sources */,
				842D33D123826DD100CC8AE9 /* Frameworks */,
				842D33D223826DD100CC8AE9 /* Resources */,
				11F5CAC3E23ACDF1CDD96D07 /* [CP] Embed Pods Frameworks */,
			);
			buildRules = (
			);
			dependencies = (
			);
			name = Lalamove;
			productName = Lalamove;
			productReference = 842D33D423826DD100CC8AE9 /* Lalamove.app */;
			productType = "com.apple.product-type.application";
		};
/* End PBXNativeTarget section */

/* Begin PBXProject section */
		842D33CC23826DD100CC8AE9 /* Project object */ = {
			isa = PBXProject;
			attributes = {
				LastSwiftUpdateCheck = 1030;
				LastUpgradeCheck = 1030;
				ORGANIZATIONNAME = AnaHejazi;
				TargetAttributes = {
					842D33D323826DD100CC8AE9 = {
						CreatedOnToolsVersion = 10.3;
					};
				};
			};
			buildConfigurationList = 842D33CF23826DD100CC8AE9 /* Build configuration list for PBXProject "Lalamove" */;
			compatibilityVersion = "Xcode 10.0";
			developmentRegion = en;
			hasScannedForEncodings = 0;
			knownRegions = (
				en,
				Base,
			);
			mainGroup = 842D33CB23826DD100CC8AE9;
			productRefGroup = 842D33D523826DD100CC8AE9 /* Products */;
			projectDirPath = "";
			projectRoot = "";
			targets = (
				842D33D323826DD100CC8AE9 /* Lalamove */,
			);
		};
/* End PBXProject section */

/* Begin PBXResourcesBuildPhase section */
		842D33D223826DD100CC8AE9 /* Resources */ = {
			isa = PBXResourcesBuildPhase;
			buildActionMask = 2147483647;
			files = (
				842D33E223826DD200CC8AE9 /* LaunchScreen.storyboard in Resources */,
				842D33DF23826DD200CC8AE9 /* Assets.xcassets in Resources */,
				842D33DD23826DD100CC8AE9 /* Main.storyboard in Resources */,
			);
			runOnlyForDeploymentPostprocessing = 0;
		};
/* End PBXResourcesBuildPhase section */

/* Begin PBXShellScriptBuildPhase section */
		0EEE4C8678C4ED0FD2018D17 /* [CP] Check Pods Manifest.lock */ = {
			isa = PBXShellScriptBuildPhase;
			buildActionMask = 2147483647;
			files = (
			);
			inputFileListPaths = (
			);
			inputPaths = (
				"${PODS_PODFILE_DIR_PATH}/Podfile.lock",
				"${PODS_ROOT}/Manifest.lock",
			);
			name = "[CP] Check Pods Manifest.lock";
			outputFileListPaths = (
			);
			outputPaths = (
				"$(DERIVED_FILE_DIR)/Pods-Lalamove-checkManifestLockResult.txt",
			);
			runOnlyForDeploymentPostprocessing = 0;
			shellPath = /bin/sh;
			shellScript = "diff \"${PODS_PODFILE_DIR_PATH}/Podfile.lock\" \"${PODS_ROOT}/Manifest.lock\" > /dev/null\nif [ $? != 0 ] ; then\n    # print error to STDERR\n    echo \"error: The sandbox is not in sync with the Podfile.lock. Run 'pod install' or update your CocoaPods installation.\" >&2\n    exit 1\nfi\n# This output is used by Xcode 'outputs' to avoid re-running this script phase.\necho \"SUCCESS\" > \"${SCRIPT_OUTPUT_FILE_0}\"\n";
			showEnvVarsInLog = 0;
		};
		11F5CAC3E23ACDF1CDD96D07 /* [CP] Embed Pods Frameworks */ = {
			isa = PBXShellScriptBuildPhase;
			buildActionMask = 2147483647;
			files = (
			);
			inputFileListPaths = (
				"${PODS_ROOT}/Target Support Files/Pods-Lalamove/Pods-Lalamove-frameworks-${CONFIGURATION}-input-files.xcfilelist",
			);
			name = "[CP] Embed Pods Frameworks";
			outputFileListPaths = (
				"${PODS_ROOT}/Target Support Files/Pods-Lalamove/Pods-Lalamove-frameworks-${CONFIGURATION}-output-files.xcfilelist",
			);
			runOnlyForDeploymentPostprocessing = 0;
			shellPath = /bin/sh;
			shellScript = "\"${PODS_ROOT}/Target Support Files/Pods-Lalamove/Pods-Lalamove-frameworks.sh\"\n";
			showEnvVarsInLog = 0;
		};
/* End PBXShellScriptBuildPhase section */

/* Begin PBXSourcesBuildPhase section */
		842D33D023826DD100CC8AE9 /* Sources */ = {
			isa = PBXSourcesBuildPhase;
			buildActionMask = 2147483647;
			files = (
				847C83932382B2FD00236078 /* AppConstant.swift in Sources */,
				847C83882382AAC100236078 /* MyDeliveriesViewModel.swift in Sources */,
				842D33ED2382740100CC8AE9 /* DeliveryCell.swift in Sources */,
				847C838E2382ACB000236078 /* EndPoints.swift in Sources */,
				849CC51D2383E3290027A09A /* Utilities.swift in Sources */,
				842D33D823826DD100CC8AE9 /* AppDelegate.swift in Sources */,
			);
			runOnlyForDeploymentPostprocessing = 0;
		};
/* End PBXSourcesBuildPhase section */

/* Begin PBXVariantGroup section */
		842D33DB23826DD100CC8AE9 /* Main.storyboard */ = {
			isa = PBXVariantGroup;
			children = (
				842D33DC23826DD100CC8AE9 /* Base */,
			);
			name = Main.storyboard;
			sourceTree = "<group>";
		};
		842D33E023826DD200CC8AE9 /* LaunchScreen.storyboard */ = {
			isa = PBXVariantGroup;
			children = (
				842D33E123826DD200CC8AE9 /* Base */,
			);
			name = LaunchScreen.storyboard;
			sourceTree = "<group>";
		};
/* End PBXVariantGroup section */

/* Begin XCBuildConfiguration section */
		842D33E423826DD200CC8AE9 /* Debug */ = {
			isa = XCBuildConfiguration;
			buildSettings = {
				ALWAYS_SEARCH_USER_PATHS = NO;
				CLANG_ANALYZER_NONNULL = YES;
				CLANG_ANALYZER_NUMBER_OBJECT_CONVERSION = YES_AGGRESSIVE;
				CLANG_CXX_LANGUAGE_STANDARD = "gnu++14";
				CLANG_CXX_LIBRARY = "libc++";
				CLANG_ENABLE_MODULES = YES;
				CLANG_ENABLE_OBJC_ARC = YES;
				CLANG_ENABLE_OBJC_WEAK = YES;
				CLANG_WARN_BLOCK_CAPTURE_AUTORELEASING = YES;
				CLANG_WARN_BOOL_CONVERSION = YES;
				CLANG_WARN_COMMA = YES;
				CLANG_WARN_CONSTANT_CONVERSION = YES;
				CLANG_WARN_DEPRECATED_OBJC_IMPLEMENTATIONS = YES;
				CLANG_WARN_DIRECT_OBJC_ISA_USAGE = YES_ERROR;
				CLANG_WARN_DOCUMENTATION_COMMENTS = YES;
				CLANG_WARN_EMPTY_BODY = YES;
				CLANG_WARN_ENUM_CONVERSION = YES;
				CLANG_WARN_INFINITE_RECURSION = YES;
				CLANG_WARN_INT_CONVERSION = YES;
				CLANG_WARN_NON_LITERAL_NULL_CONVERSION = YES;
				CLANG_WARN_OBJC_IMPLICIT_RETAIN_SELF = YES;
				CLANG_WARN_OBJC_LITERAL_CONVERSION = YES;
				CLANG_WARN_OBJC_ROOT_CLASS = YES_ERROR;
				CLANG_WARN_RANGE_LOOP_ANALYSIS = YES;
				CLANG_WARN_STRICT_PROTOTYPES = YES;
				CLANG_WARN_SUSPICIOUS_MOVE = YES;
				CLANG_WARN_UNGUARDED_AVAILABILITY = YES_AGGRESSIVE;
				CLANG_WARN_UNREACHABLE_CODE = YES;
				CLANG_WARN__DUPLICATE_METHOD_MATCH = YES;
				CODE_SIGN_IDENTITY = "iPhone Developer";
				COPY_PHASE_STRIP = NO;
				DEBUG_INFORMATION_FORMAT = dwarf;
				ENABLE_STRICT_OBJC_MSGSEND = YES;
				ENABLE_TESTABILITY = YES;
				GCC_C_LANGUAGE_STANDARD = gnu11;
				GCC_DYNAMIC_NO_PIC = NO;
				GCC_NO_COMMON_BLOCKS = YES;
				GCC_OPTIMIZATION_LEVEL = 0;
				GCC_PREPROCESSOR_DEFINITIONS = (
					"DEBUG=1",
					"$(inherited)",
				);
				GCC_WARN_64_TO_32_BIT_CONVERSION = YES;
				GCC_WARN_ABOUT_RETURN_TYPE = YES_ERROR;
				GCC_WARN_UNDECLARED_SELECTOR = YES;
				GCC_WARN_UNINITIALIZED_AUTOS = YES_AGGRESSIVE;
				GCC_WARN_UNUSED_FUNCTION = YES;
				GCC_WARN_UNUSED_VARIABLE = YES;
				IPHONEOS_DEPLOYMENT_TARGET = 12.4;
				MTL_ENABLE_DEBUG_INFO = INCLUDE_SOURCE;
				MTL_FAST_MATH = YES;
				ONLY_ACTIVE_ARCH = YES;
				SDKROOT = iphoneos;
				SWIFT_ACTIVE_COMPILATION_CONDITIONS = DEBUG;
				SWIFT_OPTIMIZATION_LEVEL = "-Onone";
				SWIFT_VERSION = 5.0;
			};
			name = Debug;
		};
		842D33E523826DD200CC8AE9 /* Release */ = {
			isa = XCBuildConfiguration;
			buildSettings = {
				ALWAYS_SEARCH_USER_PATHS = NO;
				CLANG_ANALYZER_NONNULL = YES;
				CLANG_ANALYZER_NUMBER_OBJECT_CONVERSION = YES_AGGRESSIVE;
				CLANG_CXX_LANGUAGE_STANDARD = "gnu++14";
				CLANG_CXX_LIBRARY = "libc++";
				CLANG_ENABLE_MODULES = YES;
				CLANG_ENABLE_OBJC_ARC = YES;
				CLANG_ENABLE_OBJC_WEAK = YES;
				CLANG_WARN_BLOCK_CAPTURE_AUTORELEASING = YES;
				CLANG_WARN_BOOL_CONVERSION = YES;
				CLANG_WARN_COMMA = YES;
				CLANG_WARN_CONSTANT_CONVERSION = YES;
				CLANG_WARN_DEPRECATED_OBJC_IMPLEMENTATIONS = YES;
				CLANG_WARN_DIRECT_OBJC_ISA_USAGE = YES_ERROR;
				CLANG_WARN_DOCUMENTATION_COMMENTS = YES;
				CLANG_WARN_EMPTY_BODY = YES;
				CLANG_WARN_ENUM_CONVERSION = YES;
				CLANG_WARN_INFINITE_RECURSION = YES;
				CLANG_WARN_INT_CONVERSION = YES;
				CLANG_WARN_NON_LITERAL_NULL_CONVERSION = YES;
				CLANG_WARN_OBJC_IMPLICIT_RETAIN_SELF = YES;
				CLANG_WARN_OBJC_LITERAL_CONVERSION = YES;
				CLANG_WARN_OBJC_ROOT_CLASS = YES_ERROR;
				CLANG_WARN_RANGE_LOOP_ANALYSIS = YES;
				CLANG_WARN_STRICT_PROTOTYPES = YES;
				CLANG_WARN_SUSPICIOUS_MOVE = YES;
				CLANG_WARN_UNGUARDED_AVAILABILITY = YES_AGGRESSIVE;
				CLANG_WARN_UNREACHABLE_CODE = YES;
				CLANG_WARN__DUPLICATE_METHOD_MATCH = YES;
				CODE_SIGN_IDENTITY = "iPhone Developer";
				COPY_PHASE_STRIP = NO;
				DEBUG_INFORMATION_FORMAT = "dwarf-with-dsym";
				ENABLE_NS_ASSERTIONS = NO;
				ENABLE_STRICT_OBJC_MSGSEND = YES;
				GCC_C_LANGUAGE_STANDARD = gnu11;
				GCC_NO_COMMON_BLOCKS = YES;
				GCC_WARN_64_TO_32_BIT_CONVERSION = YES;
				GCC_WARN_ABOUT_RETURN_TYPE = YES_ERROR;
				GCC_WARN_UNDECLARED_SELECTOR = YES;
				GCC_WARN_UNINITIALIZED_AUTOS = YES_AGGRESSIVE;
				GCC_WARN_UNUSED_FUNCTION = YES;
				GCC_WARN_UNUSED_VARIABLE = YES;
				IPHONEOS_DEPLOYMENT_TARGET = 12.4;
				MTL_ENABLE_DEBUG_INFO = NO;
				MTL_FAST_MATH = YES;
				SDKROOT = iphoneos;
				SWIFT_COMPILATION_MODE = wholemodule;
				SWIFT_OPTIMIZATION_LEVEL = "-O";
				SWIFT_VERSION = 5.0;
				VALIDATE_PRODUCT = YES;
			};
			name = Release;
		};
		842D33E723826DD200CC8AE9 /* Debug */ = {
			isa = XCBuildConfiguration;
			baseConfigurationReference = 89C335C4AFA861B4A04DF710 /* Pods-Lalamove.debug.xcconfig */;
			buildSettings = {
				ASSETCATALOG_COMPILER_APPICON_NAME = AppIcon;
				CODE_SIGN_STYLE = Automatic;
				DEVELOPMENT_TEAM = R96AT8JUJ4;
				INFOPLIST_FILE = Lalamove/Info.plist;
				LD_RUNPATH_SEARCH_PATHS = (
					"$(inherited)",
					"@executable_path/Frameworks",
				);
				PRODUCT_BUNDLE_IDENTIFIER = com.lalamove.Delivery.Lalamove;
				PRODUCT_NAME = "$(TARGET_NAME)";
				SWIFT_VERSION = 5.0;
				TARGETED_DEVICE_FAMILY = "1,2";
			};
			name = Debug;
		};
		842D33E823826DD200CC8AE9 /* Release */ = {
			isa = XCBuildConfiguration;
			baseConfigurationReference = F41BFFA893AC7BC713EB71D1 /* Pods-Lalamove.release.xcconfig */;
			buildSettings = {
				ASSETCATALOG_COMPILER_APPICON_NAME = AppIcon;
				CODE_SIGN_STYLE = Automatic;
				DEVELOPMENT_TEAM = R96AT8JUJ4;
				INFOPLIST_FILE = Lalamove/Info.plist;
				LD_RUNPATH_SEARCH_PATHS = (
					"$(inherited)",
					"@executable_path/Frameworks",
				);
				PRODUCT_BUNDLE_IDENTIFIER = com.lalamove.Delivery.Lalamove;
				PRODUCT_NAME = "$(TARGET_NAME)";
				SWIFT_VERSION = 5.0;
				TARGETED_DEVICE_FAMILY = "1,2";
			};
			name = Release;
		};
/* End XCBuildConfiguration section */

/* Begin XCConfigurationList section */
		842D33CF23826DD100CC8AE9 /* Build configuration list for PBXProject "Lalamove" */ = {
			isa = XCConfigurationList;
			buildConfigurations = (
				842D33E423826DD200CC8AE9 /* Debug */,
				842D33E523826DD200CC8AE9 /* Release */,
			);
			defaultConfigurationIsVisible = 0;
			defaultConfigurationName = Release;
		};
		842D33E623826DD200CC8AE9 /* Build configuration list for PBXNativeTarget "Lalamove" */ = {
			isa = XCConfigurationList;
			buildConfigurations = (
				842D33E723826DD200CC8AE9 /* Debug */,
				842D33E823826DD200CC8AE9 /* Release */,
			);
			defaultConfigurationIsVisible = 0;
			defaultConfigurationName = Release;
		};
/* End XCConfigurationList section */
	};
	rootObject = 842D33CC23826DD100CC8AE9 /* Project object */;
}
