// !$*UTF8*$!
{
	archiveVersion = 1;
	classes = {
	};
	objectVersion = 50;
	objects = {

/* Begin PBXBuildFile section */
		842D33D823826DD100CC8AE9 /* AppDelegate.swift in Sources */ = {isa = PBXBuildFile; fileRef = 842D33D723826DD100CC8AE9 /* AppDelegate.swift */; };
		842D33DA23826DD100CC8AE9 /* ViewController.swift in Sources */ = {isa = PBXBuildFile; fileRef = 842D33D923826DD100CC8AE9 /* ViewController.swift */; };
		842D33DD23826DD100CC8AE9 /* Main.storyboard in Resources */ = {isa = PBXBuildFile; fileRef = 842D33DB23826DD100CC8AE9 /* Main.storyboard */; };
		842D33DF23826DD200CC8AE9 /* Assets.xcassets in Resources */ = {isa = PBXBuildFile; fileRef = 842D33DE23826DD200CC8AE9 /* Assets.xcassets */; };
		842D33E223826DD200CC8AE9 /* LaunchScreen.storyboard in Resources */ = {isa = PBXBuildFile; fileRef = 842D33E023826DD200CC8AE9 /* LaunchScreen.storyboard */; };
/* End PBXBuildFile section */

/* Begin PBXFileReference section */
		842D33D423826DD100CC8AE9 /* Lalamove.app */ = {isa = PBXFileReference; explicitFileType = wrapper.application; includeInIndex = 0; path = Lalamove.app; sourceTree = BUILT_PRODUCTS_DIR; };
		842D33D723826DD100CC8AE9 /* AppDelegate.swift */ = {isa = PBXFileReference; lastKnownFileType = sourcecode.swift; path = AppDelegate.swift; sourceTree = "<group>"; };
		842D33D923826DD100CC8AE9 /* ViewController.swift */ = {isa = PBXFileReference; lastKnownFileType = sourcecode.swift; path = ViewController.swift; sourceTree = "<group>"; };
		842D33DC23826DD100CC8AE9 /* Base */ = {isa = PBXFileReference; lastKnownFileType = file.storyboard; name = Base; path = Base.lproj/Main.storyboard; sourceTree = "<group>"; };
		842D33DE23826DD200CC8AE9 /* Assets.xcassets */ = {isa = PBXFileReference; lastKnownFileType = folder.assetcatalog; path = Assets.xcassets; sourceTree = "<group>"; };
		842D33E123826DD200CC8AE9 /* Base */ = {isa = PBXFileReference; lastKnownFileType = file.storyboard; name = Base; path = Base.lproj/LaunchScreen.storyboard; sourceTree = "<group>"; };
		842D33E323826DD200CC8AE9 /* Info.plist */ = {isa = PBXFileReference; lastKnownFileType = text.plist.xml; path = Info.plist; sourceTree = "<group>"; };
/* End PBXFileReference section */

/* Begin PBXFrameworksBuildPhase section */
		842D33D123826DD100CC8AE9 /* Frameworks */ = {
			isa = PBXFrameworksBuildPhase;
			buildActionMask = 2147483647;
			files = (
				909842258D8660133532B208 /* Pods_Lalamove.framework in Frameworks */,
			);
			runOnlyForDeploymentPostprocessing = 0;
		};
/* End PBXFrameworksBuildPhase section */

/* Begin PBXGroup section */
		40EA1F58ED797BAA0A65EFD7 /* Pods */ = {
			isa = PBXGroup;
			children = (
				89C335C4AFA861B4A04DF710 /* Pods-Lalamove.debug.xcconfig */,
				F41BFFA893AC7BC713EB71D1 /* Pods-Lalamove.release.xcconfig */,
			);
			path = Pods;
			sourceTree = "<group>";
		};
		842D33CB23826DD100CC8AE9 = {
			isa = PBXGroup;
			children = (
				842D33D623826DD100CC8AE9 /* Lalamove */,
				842D33D523826DD100CC8AE9 /* Products */,
				40EA1F58ED797BAA0A65EFD7 /* Pods */,
				86077EF1F6510797964FFA18 /* Frameworks */,
			);
			sourceTree = "<group>";
		};
		842D33D523826DD100CC8AE9 /* Products */ = {
			isa = PBXGroup;
			children = (
				842D33D423826DD100CC8AE9 /* Lalamove.app */,
			);
			name = Products;
			sourceTree = "<group>";
		};
		842D33D623826DD100CC8AE9 /* Lalamove */ = {
			isa = PBXGroup;
			children = (
				842D33D723826DD100CC8AE9 /* AppDelegate.swift */,
				842D33D923826DD100CC8AE9 /* ViewController.swift */,
				842D33DB23826DD100CC8AE9 /* Main.storyboard */,
				842D33DE23826DD200CC8AE9 /* Assets.xcassets */,
				842D33E023826DD200CC8AE9 /* LaunchScreen.storyboard */,
				842D33E323826DD200CC8AE9 /* Info.plist */,
			);
			path = Lalamove;
			sourceTree = "<group>";
		};
/* End PBXGroup section */

/* Begin PBXNativeTarget section */
		842D33D323826DD100CC8AE9 /* Lalamove */ = {
			isa = PBXNativeTarget;
			buildConfigurationList = 842D33E623826DD200CC8AE9 /* Build configuration list for PBXNativeTarget "Lalamove" */;
			buildPhases = (
				842D33D023826DD100CC8AE9 /* Sources */,
				842D33D123826DD100CC8AE9 /* Frameworks */,
				842D33D223826DD100CC8AE9 /* Resources */,
			);
			buildRules = (
			);
			dependencies = (
			);
			name = Lalamove;
			productName = Lalamove;
			productReference = 842D33D423826DD100CC8AE9 /* Lalamove.app */;
			productType = "com.apple.product-type.application";
		};
/* End PBXNativeTarget section */

/* Begin PBXProject section */
		842D33CC23826DD100CC8AE9 /* Project object */ = {
			isa = PBXProject;
			attributes = {
				LastSwiftUpdateCheck = 1030;
				LastUpgradeCheck = 1030;
				ORGANIZATIONNAME = admin;
				TargetAttributes = {
					842D33D323826DD100CC8AE9 = {
						CreatedOnToolsVersion = 10.3;
					};
				};
			};
			buildConfigurationList = 842D33CF23826DD100CC8AE9 /* Build configuration list for PBXProject "Lalamove" */;
			compatibilityVersion = "Xcode 9.3";
			developmentRegion = en;
			hasScannedForEncodings = 0;
			knownRegions = (
				en,
				Base,
			);
			mainGroup = 842D33CB23826DD100CC8AE9;
			productRefGroup = 842D33D523826DD100CC8AE9 /* Products */;
			projectDirPath = "";
			projectRoot = "";
			targets = (
				842D33D323826DD100CC8AE9 /* Lalamove */,
			);
		};
/* End PBXProject section */

/* Begin PBXResourcesBuildPhase section */
		842D33D223826DD100CC8AE9 /* Resources */ = {
			isa = PBXResourcesBuildPhase;
			buildActionMask = 2147483647;
			files = (
				842D33E223826DD200CC8AE9 /* LaunchScreen.storyboard in Resources */,
				842D33DF23826DD200CC8AE9 /* Assets.xcassets in Resources */,
				842D33DD23826DD100CC8AE9 /* Main.storyboard in Resources */,
			);
			runOnlyForDeploymentPostprocessing = 0;
		};
/* End PBXResourcesBuildPhase section */

/* Begin PBXSourcesBuildPhase section */
		842D33D023826DD100CC8AE9 /* Sources */ = {
			isa = PBXSourcesBuildPhase;
			buildActionMask = 2147483647;
			files = (
				842D33DA23826DD100CC8AE9 /* ViewController.swift in Sources */,
				842D33D823826DD100CC8AE9 /* AppDelegate.swift in Sources */,
			);
			runOnlyForDeploymentPostprocessing = 0;
		};
/* End PBXSourcesBuildPhase section */

/* Begin PBXVariantGroup section */
		842D33DB23826DD100CC8AE9 /* Main.storyboard */ = {
			isa = PBXVariantGroup;
			children = (
				842D33DC23826DD100CC8AE9 /* Base */,
			);
			name = Main.storyboard;
			sourceTree = "<group>";
		};
		842D33E023826DD200CC8AE9 /* LaunchScreen.storyboard */ = {
			isa = PBXVariantGroup;
			children = (
				842D33E123826DD200CC8AE9 /* Base */,
			);
			name = LaunchScreen.storyboard;
			sourceTree = "<group>";
		};
/* End PBXVariantGroup section */

/* Begin XCBuildConfiguration section */
		842D33E423826DD200CC8AE9 /* Debug */ = {
			isa = XCBuildConfiguration;
			buildSettings = {
				ALWAYS_SEARCH_USER_PATHS = NO;
				CLANG_ANALYZER_NONNULL = YES;
				CLANG_ANALYZER_NUMBER_OBJECT_CONVERSION = YES_AGGRESSIVE;
				CLANG_CXX_LANGUAGE_STANDARD = "gnu++14";
				CLANG_CXX_LIBRARY = "libc++";
				CLANG_ENABLE_MODULES = YES;
				CLANG_ENABLE_OBJC_ARC = YES;
				CLANG_ENABLE_OBJC_WEAK = YES;
				CLANG_WARN_BLOCK_CAPTURE_AUTORELEASING = YES;
				CLANG_WARN_BOOL_CONVERSION = YES;
				CLANG_WARN_COMMA = YES;
				CLANG_WARN_CONSTANT_CONVERSION = YES;
				CLANG_WARN_DEPRECATED_OBJC_IMPLEMENTATIONS = YES;
				CLANG_WARN_DIRECT_OBJC_ISA_USAGE = YES_ERROR;
				CLANG_WARN_DOCUMENTATION_COMMENTS = YES;
				CLANG_WARN_EMPTY_BODY = YES;
				CLANG_WARN_ENUM_CONVERSION = YES;
				CLANG_WARN_INFINITE_RECURSION = YES;
				CLANG_WARN_INT_CONVERSION = YES;
				CLANG_WARN_NON_LITERAL_NULL_CONVERSION = YES;
				CLANG_WARN_OBJC_IMPLICIT_RETAIN_SELF = YES;
				CLANG_WARN_OBJC_LITERAL_CONVERSION = YES;
				CLANG_WARN_OBJC_ROOT_CLASS = YES_ERROR;
				CLANG_WARN_RANGE_LOOP_ANALYSIS = YES;
				CLANG_WARN_STRICT_PROTOTYPES = YES;
				CLANG_WARN_SUSPICIOUS_MOVE = YES;
				CLANG_WARN_UNGUARDED_AVAILABILITY = YES_AGGRESSIVE;
				CLANG_WARN_UNREACHABLE_CODE = YES;
				CLANG_WARN__DUPLICATE_METHOD_MATCH = YES;
				CODE_SIGN_IDENTITY = "iPhone Developer";
				COPY_PHASE_STRIP = NO;
				DEBUG_INFORMATION_FORMAT = dwarf;
				ENABLE_STRICT_OBJC_MSGSEND = YES;
				ENABLE_TESTABILITY = YES;
				GCC_C_LANGUAGE_STANDARD = gnu11;
				GCC_DYNAMIC_NO_PIC = NO;
				GCC_NO_COMMON_BLOCKS = YES;
				GCC_OPTIMIZATION_LEVEL = 0;
				GCC_PREPROCESSOR_DEFINITIONS = (
					"DEBUG=1",
					"$(inherited)",
				);
				GCC_WARN_64_TO_32_BIT_CONVERSION = YES;
				GCC_WARN_ABOUT_RETURN_TYPE = YES_ERROR;
				GCC_WARN_UNDECLARED_SELECTOR = YES;
				GCC_WARN_UNINITIALIZED_AUTOS = YES_AGGRESSIVE;
				GCC_WARN_UNUSED_FUNCTION = YES;
				GCC_WARN_UNUSED_VARIABLE = YES;
				IPHONEOS_DEPLOYMENT_TARGET = 12.4;
				MTL_ENABLE_DEBUG_INFO = INCLUDE_SOURCE;
				MTL_FAST_MATH = YES;
				ONLY_ACTIVE_ARCH = YES;
				SDKROOT = iphoneos;
				SWIFT_ACTIVE_COMPILATION_CONDITIONS = DEBUG;
				SWIFT_OPTIMIZATION_LEVEL = "-Onone";
				SWIFT_VERSION = 5.0;
			};
			name = Debug;
		};
		842D33E523826DD200CC8AE9 /* Release */ = {
			isa = XCBuildConfiguration;
			buildSettings = {
				ALWAYS_SEARCH_USER_PATHS = NO;
				CLANG_ANALYZER_NONNULL = YES;
				CLANG_ANALYZER_NUMBER_OBJECT_CONVERSION = YES_AGGRESSIVE;
				CLANG_CXX_LANGUAGE_STANDARD = "gnu++14";
				CLANG_CXX_LIBRARY = "libc++";
				CLANG_ENABLE_MODULES = YES;
				CLANG_ENABLE_OBJC_ARC = YES;
				CLANG_ENABLE_OBJC_WEAK = YES;
				CLANG_WARN_BLOCK_CAPTURE_AUTORELEASING = YES;
				CLANG_WARN_BOOL_CONVERSION = YES;
				CLANG_WARN_COMMA = YES;
				CLANG_WARN_CONSTANT_CONVERSION = YES;
				CLANG_WARN_DEPRECATED_OBJC_IMPLEMENTATIONS = YES;
				CLANG_WARN_DIRECT_OBJC_ISA_USAGE = YES_ERROR;
				CLANG_WARN_DOCUMENTATION_COMMENTS = YES;
				CLANG_WARN_EMPTY_BODY = YES;
				CLANG_WARN_ENUM_CONVERSION = YES;
				CLANG_WARN_INFINITE_RECURSION = YES;
				CLANG_WARN_INT_CONVERSION = YES;
				CLANG_WARN_NON_LITERAL_NULL_CONVERSION = YES;
				CLANG_WARN_OBJC_IMPLICIT_RETAIN_SELF = YES;
				CLANG_WARN_OBJC_LITERAL_CONVERSION = YES;
				CLANG_WARN_OBJC_ROOT_CLASS = YES_ERROR;
				CLANG_WARN_RANGE_LOOP_ANALYSIS = YES;
				CLANG_WARN_STRICT_PROTOTYPES = YES;
				CLANG_WARN_SUSPICIOUS_MOVE = YES;
				CLANG_WARN_UNGUARDED_AVAILABILITY = YES_AGGRESSIVE;
				CLANG_WARN_UNREACHABLE_CODE = YES;
				CLANG_WARN__DUPLICATE_METHOD_MATCH = YES;
				CODE_SIGN_IDENTITY = "iPhone Developer";
				COPY_PHASE_STRIP = NO;
				DEBUG_INFORMATION_FORMAT = "dwarf-with-dsym";
				ENABLE_NS_ASSERTIONS = NO;
				ENABLE_STRICT_OBJC_MSGSEND = YES;
				GCC_C_LANGUAGE_STANDARD = gnu11;
				GCC_NO_COMMON_BLOCKS = YES;
				GCC_WARN_64_TO_32_BIT_CONVERSION = YES;
				GCC_WARN_ABOUT_RETURN_TYPE = YES_ERROR;
				GCC_WARN_UNDECLARED_SELECTOR = YES;
				GCC_WARN_UNINITIALIZED_AUTOS = YES_AGGRESSIVE;
				GCC_WARN_UNUSED_FUNCTION = YES;
				GCC_WARN_UNUSED_VARIABLE = YES;
				IPHONEOS_DEPLOYMENT_TARGET = 12.4;
				MTL_ENABLE_DEBUG_INFO = NO;
				MTL_FAST_MATH = YES;
				SDKROOT = iphoneos;
				SWIFT_COMPILATION_MODE = wholemodule;
				SWIFT_OPTIMIZATION_LEVEL = "-O";
				SWIFT_VERSION = 5.0;
				VALIDATE_PRODUCT = YES;
			};
			name = Release;
		};
		842D33E723826DD200CC8AE9 /* Debug */ = {
			isa = XCBuildConfiguration;
			baseConfigurationReference = 89C335C4AFA861B4A04DF710 /* Pods-Lalamove.debug.xcconfig */;
			buildSettings = {
				ASSETCATALOG_COMPILER_APPICON_NAME = AppIcon;
				CODE_SIGN_STYLE = Automatic;
				DEVELOPMENT_TEAM = R96AT8JUJ4;
				INFOPLIST_FILE = Lalamove/Info.plist;
				LD_RUNPATH_SEARCH_PATHS = (
					"$(inherited)",
					"@executable_path/Frameworks",
				);
				PRODUCT_BUNDLE_IDENTIFIER = com.lalamove.Delivery.Lalamove;
				PRODUCT_NAME = "$(TARGET_NAME)";
				SWIFT_VERSION = 5.0;
				TARGETED_DEVICE_FAMILY = "1,2";
			};
			name = Debug;
		};
		842D33E823826DD200CC8AE9 /* Release */ = {
			isa = XCBuildConfiguration;
			baseConfigurationReference = F41BFFA893AC7BC713EB71D1 /* Pods-Lalamove.release.xcconfig */;
			buildSettings = {
				ASSETCATALOG_COMPILER_APPICON_NAME = AppIcon;
				CODE_SIGN_STYLE = Automatic;
				DEVELOPMENT_TEAM = R96AT8JUJ4;
				INFOPLIST_FILE = Lalamove/Info.plist;
				LD_RUNPATH_SEARCH_PATHS = (
					"$(inherited)",
					"@executable_path/Frameworks",
				);
				PRODUCT_BUNDLE_IDENTIFIER = com.lalamove.Delivery.Lalamove;
				PRODUCT_NAME = "$(TARGET_NAME)";
				SWIFT_VERSION = 5.0;
				TARGETED_DEVICE_FAMILY = "1,2";
			};
			name = Release;
		};
/* End XCBuildConfiguration section */

/* Begin XCConfigurationList section */
		842D33CF23826DD100CC8AE9 /* Build configuration list for PBXProject "Lalamove" */ = {
			isa = XCConfigurationList;
			buildConfigurations = (
				842D33E423826DD200CC8AE9 /* Debug */,
				842D33E523826DD200CC8AE9 /* Release */,
			);
			defaultConfigurationIsVisible = 0;
			defaultConfigurationName = Release;
		};
		842D33E623826DD200CC8AE9 /* Build configuration list for PBXNativeTarget "Lalamove" */ = {
			isa = XCConfigurationList;
			buildConfigurations = (
				842D33E723826DD200CC8AE9 /* Debug */,
				842D33E823826DD200CC8AE9 /* Release */,
			);
			defaultConfigurationIsVisible = 0;
			defaultConfigurationName = Release;
		};
/* End XCConfigurationList section */
	};
	rootObject = 842D33CC23826DD100CC8AE9 /* Project object */;
}
